
Microsoft Visual Studio Solution File, Format Version 12.00
# Visual Studio Version 17
VisualStudioVersion = 17.14.36212.18 d17.14
MinimumVisualStudioVersion = 10.0.40219.1
Project("{FAE04EC0-301F-11D3-BF4B-00C04F79EFBC}") = "pizza", "pizza\pizza.csproj", "{67FC06AD-FB68-472D-9AD8-18EF3A1235DC}"
EndProject
Global
	GlobalSection(SolutionConfigurationPlatforms) = preSolution
		Debug|Any CPU = Debug|Any CPU
		Release|Any CPU = Release|Any CPU
	EndGlobalSection
	GlobalSection(ProjectConfigurationPlatforms) = postSolution
		{67FC06AD-FB68-472D-9AD8-18EF3A1235DC}.Debug|Any CPU.ActiveCfg = Debug|Any CPU
		{67FC06AD-FB68-472D-9AD8-18EF3A1235DC}.Debug|Any CPU.Build.0 = Debug|Any CPU
		{67FC06AD-FB68-472D-9AD8-18EF3A1235DC}.Release|Any CPU.ActiveCfg = Release|Any CPU
		{67FC06AD-FB68-472D-9AD8-18EF3A1235DC}.Release|Any CPU.Build.0 = Release|Any CPU
	EndGlobalSection
	GlobalSection(SolutionProperties) = preSolution
		HideSolutionNode = FALSE
	EndGlobalSection
	GlobalSection(ExtensibilityGlobals) = postSolution
		SolutionGuid = {3E00E4C5-D199-49CB-A915-F01190F763D1}
	EndGlobalSection
EndGlobal
